// !$*UTF8*$!
{
	archiveVersion = 1;
	classes = {
	};
	objectVersion = 56;
	objects = {

/* Begin PBXBuildFile section */
		554354EA29FE624500712B2E /* QRCodeprojectNewApp.swift in Sources */ = {isa = PBXBuildFile; fileRef = 554354E929FE624500712B2E /* QRCodeprojectNewApp.swift */; };
		554354EC29FE624500712B2E /* ContentView.swift in Sources */ = {isa = PBXBuildFile; fileRef = 554354EB29FE624500712B2E /* ContentView.swift */; };
		554354EE29FE624700712B2E /* Assets.xcassets in Resources */ = {isa = PBXBuildFile; fileRef = 554354ED29FE624700712B2E /* Assets.xcassets */; };
		554354F229FE624700712B2E /* Preview Assets.xcassets in Resources */ = {isa = PBXBuildFile; fileRef = 554354F129FE624700712B2E /* Preview Assets.xcassets */; };
		554354FC29FE624700712B2E /* QRCodeprojectNewTests.swift in Sources */ = {isa = PBXBuildFile; fileRef = 554354FB29FE624700712B2E /* QRCodeprojectNewTests.swift */; };
		5543550629FE624700712B2E /* QRCodeprojectNewUITests.swift in Sources */ = {isa = PBXBuildFile; fileRef = 5543550529FE624700712B2E /* QRCodeprojectNewUITests.swift */; };
		5543550829FE624700712B2E /* QRCodeprojectNewUITestsLaunchTests.swift in Sources */ = {isa = PBXBuildFile; fileRef = 5543550729FE624700712B2E /* QRCodeprojectNewUITestsLaunchTests.swift */; };
/* End PBXBuildFile section */

/* Begin PBXContainerItemProxy section */
		554354F829FE624700712B2E /* PBXContainerItemProxy */ = {
			isa = PBXContainerItemProxy;
			containerPortal = 554354DE29FE624500712B2E /* Project object */;
			proxyType = 1;
			remoteGlobalIDString = 554354E529FE624500712B2E;
			remoteInfo = QRCodeprojectNew;
		};
		5543550229FE624700712B2E /* PBXContainerItemProxy */ = {
			isa = PBXContainerItemProxy;
			containerPortal = 554354DE29FE624500712B2E /* Project object */;
			proxyType = 1;
			remoteGlobalIDString = 554354E529FE624500712B2E;
			remoteInfo = QRCodeprojectNew;
		};
/* End PBXContainerItemProxy section */

/* Begin PBXFileReference section */
		554354E629FE624500712B2E /* QRCodeprojectNew.app */ = {isa = PBXFileReference; explicitFileType = wrapper.application; includeInIndex = 0; path = QRCodeprojectNew.app; sourceTree = BUILT_PRODUCTS_DIR; };
		554354E929FE624500712B2E /* QRCodeprojectNewApp.swift */ = {isa = PBXFileReference; lastKnownFileType = sourcecode.swift; path = QRCodeprojectNewApp.swift; sourceTree = "<group>"; };
		554354EB29FE624500712B2E /* ContentView.swift */ = {isa = PBXFileReference; lastKnownFileType = sourcecode.swift; path = ContentView.swift; sourceTree = "<group>"; };
		554354ED29FE624700712B2E /* Assets.xcassets */ = {isa = PBXFileReference; lastKnownFileType = folder.assetcatalog; path = Assets.xcassets; sourceTree = "<group>"; };
		554354EF29FE624700712B2E /* QRCodeprojectNew.entitlements */ = {isa = PBXFileReference; lastKnownFileType = text.plist.entitlements; path = QRCodeprojectNew.entitlements; sourceTree = "<group>"; };
		554354F129FE624700712B2E /* Preview Assets.xcassets */ = {isa = PBXFileReference; lastKnownFileType = folder.assetcatalog; path = "Preview Assets.xcassets"; sourceTree = "<group>"; };
		554354F729FE624700712B2E /* QRCodeprojectNewTests.xctest */ = {isa = PBXFileReference; explicitFileType = wrapper.cfbundle; includeInIndex = 0; path = QRCodeprojectNewTests.xctest; sourceTree = BUILT_PRODUCTS_DIR; };
		554354FB29FE624700712B2E /* QRCodeprojectNewTests.swift */ = {isa = PBXFileReference; lastKnownFileType = sourcecode.swift; path = QRCodeprojectNewTests.swift; sourceTree = "<group>"; };
		5543550129FE624700712B2E /* QRCodeprojectNewUITests.xctest */ = {isa = PBXFileReference; explicitFileType = wrapper.cfbundle; includeInIndex = 0; path = QRCodeprojectNewUITests.xctest; sourceTree = BUILT_PRODUCTS_DIR; };
		5543550529FE624700712B2E /* QRCodeprojectNewUITests.swift */ = {isa = PBXFileReference; lastKnownFileType = sourcecode.swift; path = QRCodeprojectNewUITests.swift; sourceTree = "<group>"; };
		5543550729FE624700712B2E /* QRCodeprojectNewUITestsLaunchTests.swift */ = {isa = PBXFileReference; lastKnownFileType = sourcecode.swift; path = QRCodeprojectNewUITestsLaunchTests.swift; sourceTree = "<group>"; };
/* End PBXFileReference section */

/* Begin PBXFrameworksBuildPhase section */
		554354E329FE624500712B2E /* Frameworks */ = {
			isa = PBXFrameworksBuildPhase;
			buildActionMask = 2147483647;
			files = (
			);
			runOnlyForDeploymentPostprocessing = 0;
		};
		554354F429FE624700712B2E /* Frameworks */ = {
			isa = PBXFrameworksBuildPhase;
			buildActionMask = 2147483647;
			files = (
			);
			runOnlyForDeploymentPostprocessing = 0;
		};
		554354FE29FE624700712B2E /* Frameworks */ = {
			isa = PBXFrameworksBuildPhase;
			buildActionMask = 2147483647;
			files = (
			);
			runOnlyForDeploymentPostprocessing = 0;
		};
/* End PBXFrameworksBuildPhase section */

/* Begin PBXGroup section */
		554354DD29FE624500712B2E = {
			isa = PBXGroup;
			children = (
				554354E829FE624500712B2E /* QRCodeprojectNew */,
				554354FA29FE624700712B2E /* QRCodeprojectNewTests */,
				5543550429FE624700712B2E /* QRCodeprojectNewUITests */,
				554354E729FE624500712B2E /* Products */,
			);
			sourceTree = "<group>";
		};
		554354E729FE624500712B2E /* Products */ = {
			isa = PBXGroup;
			children = (
				554354E629FE624500712B2E /* QRCodeprojectNew.app */,
				554354F729FE624700712B2E /* QRCodeprojectNewTests.xctest */,
				5543550129FE624700712B2E /* QRCodeprojectNewUITests.xctest */,
			);
			name = Products;
			sourceTree = "<group>";
		};
		554354E829FE624500712B2E /* QRCodeprojectNew */ = {
			isa = PBXGroup;
			children = (
				554354E929FE624500712B2E /* QRCodeprojectNewApp.swift */,
				554354EB29FE624500712B2E /* ContentView.swift */,
				554354ED29FE624700712B2E /* Assets.xcassets */,
				554354EF29FE624700712B2E /* QRCodeprojectNew.entitlements */,
				554354F029FE624700712B2E /* Preview Content */,
			);
			path = QRCodeprojectNew;
			sourceTree = "<group>";
		};
		554354F029FE624700712B2E /* Preview Content */ = {
			isa = PBXGroup;
			children = (
				554354F129FE624700712B2E /* Preview Assets.xcassets */,
			);
			path = "Preview Content";
			sourceTree = "<group>";
		};
		554354FA29FE624700712B2E /* QRCodeprojectNewTests */ = {
			isa = PBXGroup;
			children = (
				554354FB29FE624700712B2E /* QRCodeprojectNewTests.swift */,
			);
			path = QRCodeprojectNewTests;
			sourceTree = "<group>";
		};
		5543550429FE624700712B2E /* QRCodeprojectNewUITests */ = {
			isa = PBXGroup;
			children = (
				5543550529FE624700712B2E /* QRCodeprojectNewUITests.swift */,
				5543550729FE624700712B2E /* QRCodeprojectNewUITestsLaunchTests.swift */,
			);
			path = QRCodeprojectNewUITests;
			sourceTree = "<group>";
		};
/* End PBXGroup section */

/* Begin PBXNativeTarget section */
		554354E529FE624500712B2E /* QRCodeprojectNew */ = {
			isa = PBXNativeTarget;
			buildConfigurationList = 5543550B29FE624700712B2E /* Build configuration list for PBXNativeTarget "QRCodeprojectNew" */;
			buildPhases = (
				554354E229FE624500712B2E /* Sources */,
				554354E329FE624500712B2E /* Frameworks */,
				554354E429FE624500712B2E /* Resources */,
			);
			buildRules = (
			);
			dependencies = (
			);
			name = QRCodeprojectNew;
			productName = QRCodeprojectNew;
			productReference = 554354E629FE624500712B2E /* QRCodeprojectNew.app */;
			productType = "com.apple.product-type.application";
		};
		554354F629FE624700712B2E /* QRCodeprojectNewTests */ = {
			isa = PBXNativeTarget;
			buildConfigurationList = 5543550E29FE624700712B2E /* Build configuration list for PBXNativeTarget "QRCodeprojectNewTests" */;
			buildPhases = (
				554354F329FE624700712B2E /* Sources */,
				554354F429FE624700712B2E /* Frameworks */,
				554354F529FE624700712B2E /* Resources */,
			);
			buildRules = (
			);
			dependencies = (
				554354F929FE624700712B2E /* PBXTargetDependency */,
			);
			name = QRCodeprojectNewTests;
			productName = QRCodeprojectNewTests;
			productReference = 554354F729FE624700712B2E /* QRCodeprojectNewTests.xctest */;
			productType = "com.apple.product-type.bundle.unit-test";
		};
		5543550029FE624700712B2E /* QRCodeprojectNewUITests */ = {
			isa = PBXNativeTarget;
			buildConfigurationList = 5543551129FE624700712B2E /* Build configuration list for PBXNativeTarget "QRCodeprojectNewUITests" */;
			buildPhases = (
				554354FD29FE624700712B2E /* Sources */,
				554354FE29FE624700712B2E /* Frameworks */,
				554354FF29FE624700712B2E /* Resources */,
			);
			buildRules = (
			);
			dependencies = (
				5543550329FE624700712B2E /* PBXTargetDependency */,
			);
			name = QRCodeprojectNewUITests;
			productName = QRCodeprojectNewUITests;
			productReference = 5543550129FE624700712B2E /* QRCodeprojectNewUITests.xctest */;
			productType = "com.apple.product-type.bundle.ui-testing";
		};
/* End PBXNativeTarget section */

/* Begin PBXProject section */
		554354DE29FE624500712B2E /* Project object */ = {
			isa = PBXProject;
			attributes = {
				BuildIndependentTargetsInParallel = 1;
				LastSwiftUpdateCheck = 1430;
				LastUpgradeCheck = 1430;
				TargetAttributes = {
					554354E529FE624500712B2E = {
						CreatedOnToolsVersion = 14.3;
					};
					554354F629FE624700712B2E = {
						CreatedOnToolsVersion = 14.3;
						TestTargetID = 554354E529FE624500712B2E;
					};
					5543550029FE624700712B2E = {
						CreatedOnToolsVersion = 14.3;
						TestTargetID = 554354E529FE624500712B2E;
					};
				};
			};
			buildConfigurationList = 554354E129FE624500712B2E /* Build configuration list for PBXProject "QRCodeprojectNew" */;
			compatibilityVersion = "Xcode 14.0";
			developmentRegion = en;
			hasScannedForEncodings = 0;
			knownRegions = (
				en,
				Base,
			);
			mainGroup = 554354DD29FE624500712B2E;
			productRefGroup = 554354E729FE624500712B2E /* Products */;
			projectDirPath = "";
			projectRoot = "";
			targets = (
				554354E529FE624500712B2E /* QRCodeprojectNew */,
				554354F629FE624700712B2E /* QRCodeprojectNewTests */,
				5543550029FE624700712B2E /* QRCodeprojectNewUITests */,
			);
		};
/* End PBXProject section */

/* Begin PBXResourcesBuildPhase section */
		554354E429FE624500712B2E /* Resources */ = {
			isa = PBXResourcesBuildPhase;
			buildActionMask = 2147483647;
			files = (
				554354F229FE624700712B2E /* Preview Assets.xcassets in Resources */,
				554354EE29FE624700712B2E /* Assets.xcassets in Resources */,
			);
			runOnlyForDeploymentPostprocessing = 0;
		};
		554354F529FE624700712B2E /* Resources */ = {
			isa = PBXResourcesBuildPhase;
			buildActionMask = 2147483647;
			files = (
			);
			runOnlyForDeploymentPostprocessing = 0;
		};
		554354FF29FE624700712B2E /* Resources */ = {
			isa = PBXResourcesBuildPhase;
			buildActionMask = 2147483647;
			files = (
			);
			runOnlyForDeploymentPostprocessing = 0;
		};
/* End PBXResourcesBuildPhase section */

/* Begin PBXSourcesBuildPhase section */
		554354E229FE624500712B2E /* Sources */ = {
			isa = PBXSourcesBuildPhase;
			buildActionMask = 2147483647;
			files = (
				554354EC29FE624500712B2E /* ContentView.swift in Sources */,
				554354EA29FE624500712B2E /* QRCodeprojectNewApp.swift in Sources */,
			);
			runOnlyForDeploymentPostprocessing = 0;
		};
		554354F329FE624700712B2E /* Sources */ = {
			isa = PBXSourcesBuildPhase;
			buildActionMask = 2147483647;
			files = (
				554354FC29FE624700712B2E /* QRCodeprojectNewTests.swift in Sources */,
			);
			runOnlyForDeploymentPostprocessing = 0;
		};
		554354FD29FE624700712B2E /* Sources */ = {
			isa = PBXSourcesBuildPhase;
			buildActionMask = 2147483647;
			files = (
				5543550629FE624700712B2E /* QRCodeprojectNewUITests.swift in Sources */,
				5543550829FE624700712B2E /* QRCodeprojectNewUITestsLaunchTests.swift in Sources */,
			);
			runOnlyForDeploymentPostprocessing = 0;
		};
/* End PBXSourcesBuildPhase section */

/* Begin PBXTargetDependency section */
		554354F929FE624700712B2E /* PBXTargetDependency */ = {
			isa = PBXTargetDependency;
			target = 554354E529FE624500712B2E /* QRCodeprojectNew */;
			targetProxy = 554354F829FE624700712B2E /* PBXContainerItemProxy */;
		};
		5543550329FE624700712B2E /* PBXTargetDependency */ = {
			isa = PBXTargetDependency;
			target = 554354E529FE624500712B2E /* QRCodeprojectNew */;
			targetProxy = 5543550229FE624700712B2E /* PBXContainerItemProxy */;
		};
/* End PBXTargetDependency section */

/* Begin XCBuildConfiguration section */
		5543550929FE624700712B2E /* Debug */ = {
			isa = XCBuildConfiguration;
			buildSettings = {
				ALWAYS_SEARCH_USER_PATHS = NO;
				CLANG_ANALYZER_NONNULL = YES;
				CLANG_ANALYZER_NUMBER_OBJECT_CONVERSION = YES_AGGRESSIVE;
				CLANG_CXX_LANGUAGE_STANDARD = "gnu++20";
				CLANG_ENABLE_MODULES = YES;
				CLANG_ENABLE_OBJC_ARC = YES;
				CLANG_ENABLE_OBJC_WEAK = YES;
				CLANG_WARN_BLOCK_CAPTURE_AUTORELEASING = YES;
				CLANG_WARN_BOOL_CONVERSION = YES;
				CLANG_WARN_COMMA = YES;
				CLANG_WARN_CONSTANT_CONVERSION = YES;
				CLANG_WARN_DEPRECATED_OBJC_IMPLEMENTATIONS = YES;
				CLANG_WARN_DIRECT_OBJC_ISA_USAGE = YES_ERROR;
				CLANG_WARN_DOCUMENTATION_COMMENTS = YES;
				CLANG_WARN_EMPTY_BODY = YES;
				CLANG_WARN_ENUM_CONVERSION = YES;
				CLANG_WARN_INFINITE_RECURSION = YES;
				CLANG_WARN_INT_CONVERSION = YES;
				CLANG_WARN_NON_LITERAL_NULL_CONVERSION = YES;
				CLANG_WARN_OBJC_IMPLICIT_RETAIN_SELF = YES;
				CLANG_WARN_OBJC_LITERAL_CONVERSION = YES;
				CLANG_WARN_OBJC_ROOT_CLASS = YES_ERROR;
				CLANG_WARN_QUOTED_INCLUDE_IN_FRAMEWORK_HEADER = YES;
				CLANG_WARN_RANGE_LOOP_ANALYSIS = YES;
				CLANG_WARN_STRICT_PROTOTYPES = YES;
				CLANG_WARN_SUSPICIOUS_MOVE = YES;
				CLANG_WARN_UNGUARDED_AVAILABILITY = YES_AGGRESSIVE;
				CLANG_WARN_UNREACHABLE_CODE = YES;
				CLANG_WARN__DUPLICATE_METHOD_MATCH = YES;
				COPY_PHASE_STRIP = NO;
				DEBUG_INFORMATION_FORMAT = dwarf;
				ENABLE_STRICT_OBJC_MSGSEND = YES;
				ENABLE_TESTABILITY = YES;
				GCC_C_LANGUAGE_STANDARD = gnu11;
				GCC_DYNAMIC_NO_PIC = NO;
				GCC_NO_COMMON_BLOCKS = YES;
				GCC_OPTIMIZATION_LEVEL = 0;
				GCC_PREPROCESSOR_DEFINITIONS = (
					"DEBUG=1",
					"$(inherited)",
				);
				GCC_WARN_64_TO_32_BIT_CONVERSION = YES;
				GCC_WARN_ABOUT_RETURN_TYPE = YES_ERROR;
				GCC_WARN_UNDECLARED_SELECTOR = YES;
				GCC_WARN_UNINITIALIZED_AUTOS = YES_AGGRESSIVE;
				GCC_WARN_UNUSED_FUNCTION = YES;
				GCC_WARN_UNUSED_VARIABLE = YES;
				MTL_ENABLE_DEBUG_INFO = INCLUDE_SOURCE;
				MTL_FAST_MATH = YES;
				ONLY_ACTIVE_ARCH = YES;
				SWIFT_ACTIVE_COMPILATION_CONDITIONS = DEBUG;
				SWIFT_OPTIMIZATION_LEVEL = "-Onone";
			};
			name = Debug;
		};
		5543550A29FE624700712B2E /* Release */ = {
			isa = XCBuildConfiguration;
			buildSettings = {
				ALWAYS_SEARCH_USER_PATHS = NO;
				CLANG_ANALYZER_NONNULL = YES;
				CLANG_ANALYZER_NUMBER_OBJECT_CONVERSION = YES_AGGRESSIVE;
				CLANG_CXX_LANGUAGE_STANDARD = "gnu++20";
				CLANG_ENABLE_MODULES = YES;
				CLANG_ENABLE_OBJC_ARC = YES;
				CLANG_ENABLE_OBJC_WEAK = YES;
				CLANG_WARN_BLOCK_CAPTURE_AUTORELEASING = YES;
				CLANG_WARN_BOOL_CONVERSION = YES;
				CLANG_WARN_COMMA = YES;
				CLANG_WARN_CONSTANT_CONVERSION = YES;
				CLANG_WARN_DEPRECATED_OBJC_IMPLEMENTATIONS = YES;
				CLANG_WARN_DIRECT_OBJC_ISA_USAGE = YES_ERROR;
				CLANG_WARN_DOCUMENTATION_COMMENTS = YES;
				CLANG_WARN_EMPTY_BODY = YES;
				CLANG_WARN_ENUM_CONVERSION = YES;
				CLANG_WARN_INFINITE_RECURSION = YES;
				CLANG_WARN_INT_CONVERSION = YES;
				CLANG_WARN_NON_LITERAL_NULL_CONVERSION = YES;
				CLANG_WARN_OBJC_IMPLICIT_RETAIN_SELF = YES;
				CLANG_WARN_OBJC_LITERAL_CONVERSION = YES;
				CLANG_WARN_OBJC_ROOT_CLASS = YES_ERROR;
				CLANG_WARN_QUOTED_INCLUDE_IN_FRAMEWORK_HEADER = YES;
				CLANG_WARN_RANGE_LOOP_ANALYSIS = YES;
				CLANG_WARN_STRICT_PROTOTYPES = YES;
				CLANG_WARN_SUSPICIOUS_MOVE = YES;
				CLANG_WARN_UNGUARDED_AVAILABILITY = YES_AGGRESSIVE;
				CLANG_WARN_UNREACHABLE_CODE = YES;
				CLANG_WARN__DUPLICATE_METHOD_MATCH = YES;
				COPY_PHASE_STRIP = NO;
				DEBUG_INFORMATION_FORMAT = "dwarf-with-dsym";
				ENABLE_NS_ASSERTIONS = NO;
				ENABLE_STRICT_OBJC_MSGSEND = YES;
				GCC_C_LANGUAGE_STANDARD = gnu11;
				GCC_NO_COMMON_BLOCKS = YES;
				GCC_WARN_64_TO_32_BIT_CONVERSION = YES;
				GCC_WARN_ABOUT_RETURN_TYPE = YES_ERROR;
				GCC_WARN_UNDECLARED_SELECTOR = YES;
				GCC_WARN_UNINITIALIZED_AUTOS = YES_AGGRESSIVE;
				GCC_WARN_UNUSED_FUNCTION = YES;
				GCC_WARN_UNUSED_VARIABLE = YES;
				MTL_ENABLE_DEBUG_INFO = NO;
				MTL_FAST_MATH = YES;
				SWIFT_COMPILATION_MODE = wholemodule;
				SWIFT_OPTIMIZATION_LEVEL = "-O";
			};
			name = Release;
		};
		5543550C29FE624700712B2E /* Debug */ = {
			isa = XCBuildConfiguration;
			buildSettings = {
				ASSETCATALOG_COMPILER_APPICON_NAME = AppIcon;
				ASSETCATALOG_COMPILER_GLOBAL_ACCENT_COLOR_NAME = AccentColor;
				CODE_SIGN_ENTITLEMENTS = QRCodeprojectNew/QRCodeprojectNew.entitlements;
				CODE_SIGN_STYLE = Automatic;
				CURRENT_PROJECT_VERSION = 1;
				DEVELOPMENT_ASSET_PATHS = "\"QRCodeprojectNew/Preview Content\"";
				ENABLE_PREVIEWS = YES;
				GENERATE_INFOPLIST_FILE = YES;
				"INFOPLIST_KEY_UIApplicationSceneManifest_Generation[sdk=iphoneos*]" = YES;
				"INFOPLIST_KEY_UIApplicationSceneManifest_Generation[sdk=iphonesimulator*]" = YES;
				"INFOPLIST_KEY_UIApplicationSupportsIndirectInputEvents[sdk=iphoneos*]" = YES;
				"INFOPLIST_KEY_UIApplicationSupportsIndirectInputEvents[sdk=iphonesimulator*]" = YES;
				"INFOPLIST_KEY_UILaunchScreen_Generation[sdk=iphoneos*]" = YES;
				"INFOPLIST_KEY_UILaunchScreen_Generation[sdk=iphonesimulator*]" = YES;
				"INFOPLIST_KEY_UIStatusBarStyle[sdk=iphoneos*]" = UIStatusBarStyleDefault;
				"INFOPLIST_KEY_UIStatusBarStyle[sdk=iphonesimulator*]" = UIStatusBarStyleDefault;
				INFOPLIST_KEY_UISupportedInterfaceOrientations_iPad = "UIInterfaceOrientationPortrait UIInterfaceOrientationPortraitUpsideDown UIInterfaceOrientationLandscapeLeft UIInterfaceOrientationLandscapeRight";
				INFOPLIST_KEY_UISupportedInterfaceOrientations_iPhone = "UIInterfaceOrientationPortrait UIInterfaceOrientationLandscapeLeft UIInterfaceOrientationLandscapeRight";
				IPHONEOS_DEPLOYMENT_TARGET = 16.4;
				LD_RUNPATH_SEARCH_PATHS = "@executable_path/Frameworks";
				"LD_RUNPATH_SEARCH_PATHS[sdk=macosx*]" = "@executable_path/../Frameworks";
				MACOSX_DEPLOYMENT_TARGET = 13.3;
				MARKETING_VERSION = 1.0;
				PRODUCT_BUNDLE_IDENTIFIER = ershov.QRCodeprojectNew;
				PRODUCT_NAME = "$(TARGET_NAME)";
				SDKROOT = auto;
				SUPPORTED_PLATFORMS = "iphoneos iphonesimulator macosx";
				SWIFT_EMIT_LOC_STRINGS = YES;
				SWIFT_VERSION = 5.0;
				TARGETED_DEVICE_FAMILY = "1,2";
			};
			name = Debug;
		};
		5543550D29FE624700712B2E /* Release */ = {
			isa = XCBuildConfiguration;
			buildSettings = {
				ASSETCATALOG_COMPILER_APPICON_NAME = AppIcon;
				ASSETCATALOG_COMPILER_GLOBAL_ACCENT_COLOR_NAME = AccentColor;
				CODE_SIGN_ENTITLEMENTS = QRCodeprojectNew/QRCodeprojectNew.entitlements;
				CODE_SIGN_STYLE = Automatic;
				CURRENT_PROJECT_VERSION = 1;
				DEVELOPMENT_ASSET_PATHS = "\"QRCodeprojectNew/Preview Content\"";
				ENABLE_PREVIEWS = YES;
				GENERATE_INFOPLIST_FILE = YES;
				"INFOPLIST_KEY_UIApplicationSceneManifest_Generation[sdk=iphoneos*]" = YES;
				"INFOPLIST_KEY_UIApplicationSceneManifest_Generation[sdk=iphonesimulator*]" = YES;
				"INFOPLIST_KEY_UIApplicationSupportsIndirectInputEvents[sdk=iphoneos*]" = YES;
				"INFOPLIST_KEY_UIApplicationSupportsIndirectInputEvents[sdk=iphonesimulator*]" = YES;
				"INFOPLIST_KEY_UILaunchScreen_Generation[sdk=iphoneos*]" = YES;
				"INFOPLIST_KEY_UILaunchScreen_Generation[sdk=iphonesimulator*]" = YES;
				"INFOPLIST_KEY_UIStatusBarStyle[sdk=iphoneos*]" = UIStatusBarStyleDefault;
				"INFOPLIST_KEY_UIStatusBarStyle[sdk=iphonesimulator*]" = UIStatusBarStyleDefault;
				INFOPLIST_KEY_UISupportedInterfaceOrientations_iPad = "UIInterfaceOrientationPortrait UIInterfaceOrientationPortraitUpsideDown UIInterfaceOrientationLandscapeLeft UIInterfaceOrientationLandscapeRight";
				INFOPLIST_KEY_UISupportedInterfaceOrientations_iPhone = "UIInterfaceOrientationPortrait UIInterfaceOrientationLandscapeLeft UIInterfaceOrientationLandscapeRight";
				IPHONEOS_DEPLOYMENT_TARGET = 16.4;
				LD_RUNPATH_SEARCH_PATHS = "@executable_path/Frameworks";
				"LD_RUNPATH_SEARCH_PATHS[sdk=macosx*]" = "@executable_path/../Frameworks";
				MACOSX_DEPLOYMENT_TARGET = 13.3;
				MARKETING_VERSION = 1.0;
				PRODUCT_BUNDLE_IDENTIFIER = ershov.QRCodeprojectNew;
				PRODUCT_NAME = "$(TARGET_NAME)";
				SDKROOT = auto;
				SUPPORTED_PLATFORMS = "iphoneos iphonesimulator macosx";
				SWIFT_EMIT_LOC_STRINGS = YES;
				SWIFT_VERSION = 5.0;
				TARGETED_DEVICE_FAMILY = "1,2";
			};
			name = Release;
		};
		5543550F29FE624700712B2E /* Debug */ = {
			isa = XCBuildConfiguration;
			buildSettings = {
				ALWAYS_EMBED_SWIFT_STANDARD_LIBRARIES = YES;
				BUNDLE_LOADER = "$(TEST_HOST)";
				CODE_SIGN_STYLE = Automatic;
				CURRENT_PROJECT_VERSION = 1;
				GENERATE_INFOPLIST_FILE = YES;
				IPHONEOS_DEPLOYMENT_TARGET = 16.4;
				MACOSX_DEPLOYMENT_TARGET = 13.3;
				MARKETING_VERSION = 1.0;
				PRODUCT_BUNDLE_IDENTIFIER = ershov.QRCodeprojectNewTests;
				PRODUCT_NAME = "$(TARGET_NAME)";
				SDKROOT = auto;
				SUPPORTED_PLATFORMS = "iphoneos iphonesimulator macosx";
				SWIFT_EMIT_LOC_STRINGS = NO;
				SWIFT_VERSION = 5.0;
				TARGETED_DEVICE_FAMILY = "1,2";
				TEST_HOST = "$(BUILT_PRODUCTS_DIR)/QRCodeprojectNew.app/$(BUNDLE_EXECUTABLE_FOLDER_PATH)/QRCodeprojectNew";
			};
			name = Debug;
		};
		5543551029FE624700712B2E /* Release */ = {
			isa = XCBuildConfiguration;
			buildSettings = {
				ALWAYS_EMBED_SWIFT_STANDARD_LIBRARIES = YES;
				BUNDLE_LOADER = "$(TEST_HOST)";
				CODE_SIGN_STYLE = Automatic;
				CURRENT_PROJECT_VERSION = 1;
				GENERATE_INFOPLIST_FILE = YES;
				IPHONEOS_DEPLOYMENT_TARGET = 16.4;
				MACOSX_DEPLOYMENT_TARGET = 13.3;
				MARKETING_VERSION = 1.0;
				PRODUCT_BUNDLE_IDENTIFIER = ershov.QRCodeprojectNewTests;
				PRODUCT_NAME = "$(TARGET_NAME)";
				SDKROOT = auto;
				SUPPORTED_PLATFORMS = "iphoneos iphonesimulator macosx";
				SWIFT_EMIT_LOC_STRINGS = NO;
				SWIFT_VERSION = 5.0;
				TARGETED_DEVICE_FAMILY = "1,2";
				TEST_HOST = "$(BUILT_PRODUCTS_DIR)/QRCodeprojectNew.app/$(BUNDLE_EXECUTABLE_FOLDER_PATH)/QRCodeprojectNew";
			};
			name = Release;
		};
		5543551229FE624700712B2E /* Debug */ = {
			isa = XCBuildConfiguration;
			buildSettings = {
				ALWAYS_EMBED_SWIFT_STANDARD_LIBRARIES = YES;
				CODE_SIGN_STYLE = Automatic;
				CURRENT_PROJECT_VERSION = 1;
				GENERATE_INFOPLIST_FILE = YES;
				IPHONEOS_DEPLOYMENT_TARGET = 16.4;
				MACOSX_DEPLOYMENT_TARGET = 13.3;
				MARKETING_VERSION = 1.0;
				PRODUCT_BUNDLE_IDENTIFIER = ershov.QRCodeprojectNewUITests;
				PRODUCT_NAME = "$(TARGET_NAME)";
				SDKROOT = auto;
				SUPPORTED_PLATFORMS = "iphoneos iphonesimulator macosx";
				SWIFT_EMIT_LOC_STRINGS = NO;
				SWIFT_VERSION = 5.0;
				TARGETED_DEVICE_FAMILY = "1,2";
				TEST_TARGET_NAME = QRCodeprojectNew;
			};
			name = Debug;
		};
		5543551329FE624700712B2E /* Release */ = {
			isa = XCBuildConfiguration;
			buildSettings = {
				ALWAYS_EMBED_SWIFT_STANDARD_LIBRARIES = YES;
				CODE_SIGN_STYLE = Automatic;
				CURRENT_PROJECT_VERSION = 1;
				GENERATE_INFOPLIST_FILE = YES;
				IPHONEOS_DEPLOYMENT_TARGET = 16.4;
				MACOSX_DEPLOYMENT_TARGET = 13.3;
				MARKETING_VERSION = 1.0;
				PRODUCT_BUNDLE_IDENTIFIER = ershov.QRCodeprojectNewUITests;
				PRODUCT_NAME = "$(TARGET_NAME)";
				SDKROOT = auto;
				SUPPORTED_PLATFORMS = "iphoneos iphonesimulator macosx";
				SWIFT_EMIT_LOC_STRINGS = NO;
				SWIFT_VERSION = 5.0;
				TARGETED_DEVICE_FAMILY = "1,2";
				TEST_TARGET_NAME = QRCodeprojectNew;
			};
			name = Release;
		};
/* End XCBuildConfiguration section */

/* Begin XCConfigurationList section */
		554354E129FE624500712B2E /* Build configuration list for PBXProject "QRCodeprojectNew" */ = {
			isa = XCConfigurationList;
			buildConfigurations = (
				5543550929FE624700712B2E /* Debug */,
				5543550A29FE624700712B2E /* Release */,
			);
			defaultConfigurationIsVisible = 0;
			defaultConfigurationName = Release;
		};
		5543550B29FE624700712B2E /* Build configuration list for PBXNativeTarget "QRCodeprojectNew" */ = {
			isa = XCConfigurationList;
			buildConfigurations = (
				5543550C29FE624700712B2E /* Debug */,
				5543550D29FE624700712B2E /* Release */,
			);
			defaultConfigurationIsVisible = 0;
			defaultConfigurationName = Release;
		};
		5543550E29FE624700712B2E /* Build configuration list for PBXNativeTarget "QRCodeprojectNewTests" */ = {
			isa = XCConfigurationList;
			buildConfigurations = (
				5543550F29FE624700712B2E /* Debug */,
				5543551029FE624700712B2E /* Release */,
			);
			defaultConfigurationIsVisible = 0;
			defaultConfigurationName = Release;
		};
		5543551129FE624700712B2E /* Build configuration list for PBXNativeTarget "QRCodeprojectNewUITests" */ = {
			isa = XCConfigurationList;
			buildConfigurations = (
				5543551229FE624700712B2E /* Debug */,
				5543551329FE624700712B2E /* Release */,
			);
			defaultConfigurationIsVisible = 0;
			defaultConfigurationName = Release;
		};
/* End XCConfigurationList section */
	};
	rootObject = 554354DE29FE624500712B2E /* Project object */;
}
